{
  "requires": true,
  "lockfileVersion": 1,
  "dependencies": {
    "xtypejs": {
      "version": "0.7.1",
      "resolved": "https://registry.npmjs.org/xtypejs/-/xtypejs-0.7.1.tgz",
      "integrity": "sha512-s7zpV5uduE+/iREPlWOXS5Gb0IpfSZ/dye0KS4XaVix7yftDkHHrqfznXx1tXZ3rbWksBiF3TcIxN6QrcU1eRQ=="
    }
  }
}
