{
  "requires": true,
  "lockfileVersion": 1,
  "dependencies": {
    "@types/yup": {
      "version": "0.29.0",
      "resolved": "https://registry.npmjs.org/@types/yup/-/yup-0.29.0.tgz",
      "integrity": "sha512-E9RTXPD4x44qBOvY6TjUqdkR9FNV9cACWlnAsooUInDqtLZz9M9oYXKn/w1GHNxRvyYyHuG6Bfjbg3QlK+SgXw==",
      "dev": true
    }
  }
}
